// !$*UTF8*$!
{
	archiveVersion = 1;
	classes = {
	};
	objectVersion = 46;
	objects = {

/* Begin PBXBuildFile section */
		F4A03F621C00F43B00E792C8 /* main.m in Sources */ = {isa = PBXBuildFile; fileRef = F4A03F611C00F43B00E792C8 /* main.m */; };
		F4A03F651C00F43B00E792C8 /* AppDelegate.m in Sources */ = {isa = PBXBuildFile; fileRef = F4A03F641C00F43B00E792C8 /* AppDelegate.m */; };
		F4A03F681C00F43B00E792C8 /* MasterViewController.m in Sources */ = {isa = PBXBuildFile; fileRef = F4A03F671C00F43B00E792C8 /* MasterViewController.m */; };
		F4A03F6B1C00F43B00E792C8 /* DetailViewController.m in Sources */ = {isa = PBXBuildFile; fileRef = F4A03F6A1C00F43B00E792C8 /* DetailViewController.m */; };
		F4A03F6E1C00F43B00E792C8 /* Main.storyboard in Resources */ = {isa = PBXBuildFile; fileRef = F4A03F6C1C00F43B00E792C8 /* Main.storyboard */; };
		F4A03F701C00F43B00E792C8 /* Images.xcassets in Resources */ = {isa = PBXBuildFile; fileRef = F4A03F6F1C00F43B00E792C8 /* Images.xcassets */; };
		F4A03F731C00F43B00E792C8 /* LaunchScreen.xib in Resources */ = {isa = PBXBuildFile; fileRef = F4A03F711C00F43B00E792C8 /* LaunchScreen.xib */; };
		F4A03F7F1C00F43B00E792C8 /* WONTests.m in Sources */ = {isa = PBXBuildFile; fileRef = F4A03F7E1C00F43B00E792C8 /* WONTests.m */; };
/* End PBXBuildFile section */

/* Begin PBXContainerItemProxy section */
		F4A03F791C00F43B00E792C8 /* PBXContainerItemProxy */ = {
			isa = PBXContainerItemProxy;
			containerPortal = F4A03F541C00F43B00E792C8 /* Project object */;
			proxyType = 1;
			remoteGlobalIDString = F4A03F5B1C00F43B00E792C8;
			remoteInfo = WON;
		};
/* End PBXContainerItemProxy section */

/* Begin PBXFileReference section */
		F4A03F5C1C00F43B00E792C8 /* WON.app */ = {isa = PBXFileReference; explicitFileType = wrapper.application; includeInIndex = 0; path = WON.app; sourceTree = BUILT_PRODUCTS_DIR; };
		F4A03F601C00F43B00E792C8 /* Info.plist */ = {isa = PBXFileReference; lastKnownFileType = text.plist.xml; path = Info.plist; sourceTree = "<group>"; };
		F4A03F611C00F43B00E792C8 /* main.m */ = {isa = PBXFileReference; lastKnownFileType = sourcecode.c.objc; path = main.m; sourceTree = "<group>"; };
		F4A03F631C00F43B00E792C8 /* AppDelegate.h */ = {isa = PBXFileReference; lastKnownFileType = sourcecode.c.h; path = AppDelegate.h; sourceTree = "<group>"; };
		F4A03F641C00F43B00E792C8 /* AppDelegate.m */ = {isa = PBXFileReference; lastKnownFileType = sourcecode.c.objc; path = AppDelegate.m; sourceTree = "<group>"; };
		F4A03F661C00F43B00E792C8 /* MasterViewController.h */ = {isa = PBXFileReference; lastKnownFileType = sourcecode.c.h; path = MasterViewController.h; sourceTree = "<group>"; };
		F4A03F671C00F43B00E792C8 /* MasterViewController.m */ = {isa = PBXFileReference; lastKnownFileType = sourcecode.c.objc; path = MasterViewController.m; sourceTree = "<group>"; };
		F4A03F691C00F43B00E792C8 /* DetailViewController.h */ = {isa = PBXFileReference; lastKnownFileType = sourcecode.c.h; path = DetailViewController.h; sourceTree = "<group>"; };
		F4A03F6A1C00F43B00E792C8 /* DetailViewController.m */ = {isa = PBXFileReference; lastKnownFileType = sourcecode.c.objc; path = DetailViewController.m; sourceTree = "<group>"; };
		F4A03F6D1C00F43B00E792C8 /* Base */ = {isa = PBXFileReference; lastKnownFileType = file.storyboard; name = Base; path = Base.lproj/Main.storyboard; sourceTree = "<group>"; };
		F4A03F6F1C00F43B00E792C8 /* Images.xcassets */ = {isa = PBXFileReference; lastKnownFileType = folder.assetcatalog; path = Images.xcassets; sourceTree = "<group>"; };
		F4A03F721C00F43B00E792C8 /* Base */ = {isa = PBXFileReference; lastKnownFileType = file.xib; name = Base; path = Base.lproj/LaunchScreen.xib; sourceTree = "<group>"; };
		F4A03F781C00F43B00E792C8 /* WONTests.xctest */ = {isa = PBXFileReference; explicitFileType = wrapper.cfbundle; includeInIndex = 0; path = WONTests.xctest; sourceTree = BUILT_PRODUCTS_DIR; };
		F4A03F7D1C00F43B00E792C8 /* Info.plist */ = {isa = PBXFileReference; lastKnownFileType = text.plist.xml; path = Info.plist; sourceTree = "<group>"; };
		F4A03F7E1C00F43B00E792C8 /* WONTests.m */ = {isa = PBXFileReference; lastKnownFileType = sourcecode.c.objc; path = WONTests.m; sourceTree = "<group>"; };
/* End PBXFileReference section */

/* Begin PBXFrameworksBuildPhase section */
		F4A03F591C00F43B00E792C8 /* Frameworks */ = {
			isa = PBXFrameworksBuildPhase;
			buildActionMask = 2147483647;
			files = (
			);
			runOnlyForDeploymentPostprocessing = 0;
		};
		F4A03F751C00F43B00E792C8 /* Frameworks */ = {
			isa = PBXFrameworksBuildPhase;
			buildActionMask = 2147483647;
			files = (
			);
			runOnlyForDeploymentPostprocessing = 0;
		};
/* End PBXFrameworksBuildPhase section */

/* Begin PBXGroup section */
		F4A03F531C00F43B00E792C8 = {
			isa = PBXGroup;
			children = (
				F4A03F5E1C00F43B00E792C8 /* WON */,
				F4A03F7B1C00F43B00E792C8 /* WONTests */,
				F4A03F5D1C00F43B00E792C8 /* Products */,
			);
			sourceTree = "<group>";
		};
		F4A03F5D1C00F43B00E792C8 /* Products */ = {
			isa = PBXGroup;
			children = (
				F4A03F5C1C00F43B00E792C8 /* WON.app */,
				F4A03F781C00F43B00E792C8 /* WONTests.xctest */,
			);
			name = Products;
			sourceTree = "<group>";
		};
		F4A03F5E1C00F43B00E792C8 /* WON */ = {
			isa = PBXGroup;
			children = (
				F4A03F631C00F43B00E792C8 /* AppDelegate.h */,
				F4A03F641C00F43B00E792C8 /* AppDelegate.m */,
				F4A03F661C00F43B00E792C8 /* MasterViewController.h */,
				F4A03F671C00F43B00E792C8 /* MasterViewController.m */,
				F4A03F691C00F43B00E792C8 /* DetailViewController.h */,
				F4A03F6A1C00F43B00E792C8 /* DetailViewController.m */,
				F4A03F6C1C00F43B00E792C8 /* Main.storyboard */,
				F4A03F6F1C00F43B00E792C8 /* Images.xcassets */,
				F4A03F711C00F43B00E792C8 /* LaunchScreen.xib */,
				F4A03F5F1C00F43B00E792C8 /* Supporting Files */,
			);
			path = WON;
			sourceTree = "<group>";
		};
		F4A03F5F1C00F43B00E792C8 /* Supporting Files */ = {
			isa = PBXGroup;
			children = (
				F4A03F601C00F43B00E792C8 /* Info.plist */,
				F4A03F611C00F43B00E792C8 /* main.m */,
			);
			name = "Supporting Files";
			sourceTree = "<group>";
		};
		F4A03F7B1C00F43B00E792C8 /* WONTests */ = {
			isa = PBXGroup;
			children = (
				F4A03F7E1C00F43B00E792C8 /* WONTests.m */,
				F4A03F7C1C00F43B00E792C8 /* Supporting Files */,
			);
			path = WONTests;
			sourceTree = "<group>";
		};
		F4A03F7C1C00F43B00E792C8 /* Supporting Files */ = {
			isa = PBXGroup;
			children = (
				F4A03F7D1C00F43B00E792C8 /* Info.plist */,
			);
			name = "Supporting Files";
			sourceTree = "<group>";
		};
/* End PBXGroup section */

/* Begin PBXNativeTarget section */
		F4A03F5B1C00F43B00E792C8 /* WON */ = {
			isa = PBXNativeTarget;
			buildConfigurationList = F4A03F821C00F43B00E792C8 /* Build configuration list for PBXNativeTarget "WON" */;
			buildPhases = (
				F4A03F581C00F43B00E792C8 /* Sources */,
				F4A03F591C00F43B00E792C8 /* Frameworks */,
				F4A03F5A1C00F43B00E792C8 /* Resources */,
			);
			buildRules = (
			);
			dependencies = (
			);
			name = WON;
			productName = WON;
			productReference = F4A03F5C1C00F43B00E792C8 /* WON.app */;
			productType = "com.apple.product-type.application";
		};
		F4A03F771C00F43B00E792C8 /* WONTests */ = {
			isa = PBXNativeTarget;
			buildConfigurationList = F4A03F851C00F43B00E792C8 /* Build configuration list for PBXNativeTarget "WONTests" */;
			buildPhases = (
				F4A03F741C00F43B00E792C8 /* Sources */,
				F4A03F751C00F43B00E792C8 /* Frameworks */,
				F4A03F761C00F43B00E792C8 /* Resources */,
			);
			buildRules = (
			);
			dependencies = (
				F4A03F7A1C00F43B00E792C8 /* PBXTargetDependency */,
			);
			name = WONTests;
			productName = WONTests;
			productReference = F4A03F781C00F43B00E792C8 /* WONTests.xctest */;
			productType = "com.apple.product-type.bundle.unit-test";
		};
/* End PBXNativeTarget section */

/* Begin PBXProject section */
		F4A03F541C00F43B00E792C8 /* Project object */ = {
			isa = PBXProject;
			attributes = {
				LastUpgradeCheck = 0630;
				ORGANIZATIONNAME = "Simon L";
				TargetAttributes = {
					F4A03F5B1C00F43B00E792C8 = {
						CreatedOnToolsVersion = 6.3.1;
					};
					F4A03F771C00F43B00E792C8 = {
						CreatedOnToolsVersion = 6.3.1;
						TestTargetID = F4A03F5B1C00F43B00E792C8;
					};
				};
			};
			buildConfigurationList = F4A03F571C00F43B00E792C8 /* Build configuration list for PBXProject "WON" */;
			compatibilityVersion = "Xcode 3.2";
			developmentRegion = English;
			hasScannedForEncodings = 0;
			knownRegions = (
				en,
				Base,
			);
			mainGroup = F4A03F531C00F43B00E792C8;
			productRefGroup = F4A03F5D1C00F43B00E792C8 /* Products */;
			projectDirPath = "";
			projectRoot = "";
			targets = (
				F4A03F5B1C00F43B00E792C8 /* WON */,
				F4A03F771C00F43B00E792C8 /* WONTests */,
			);
		};
/* End PBXProject section */

/* Begin PBXResourcesBuildPhase section */
		F4A03F5A1C00F43B00E792C8 /* Resources */ = {
			isa = PBXResourcesBuildPhase;
			buildActionMask = 2147483647;
			files = (
				F4A03F6E1C00F43B00E792C8 /* Main.storyboard in Resources */,
				F4A03F731C00F43B00E792C8 /* LaunchScreen.xib in Resources */,
				F4A03F701C00F43B00E792C8 /* Images.xcassets in Resources */,
			);
			runOnlyForDeploymentPostprocessing = 0;
		};
		F4A03F761C00F43B00E792C8 /* Resources */ = {
			isa = PBXResourcesBuildPhase;
			buildActionMask = 2147483647;
			files = (
			);
			runOnlyForDeploymentPostprocessing = 0;
		};
/* End PBXResourcesBuildPhase section */

/* Begin PBXSourcesBuildPhase section */
		F4A03F581C00F43B00E792C8 /* Sources */ = {
			isa = PBXSourcesBuildPhase;
			buildActionMask = 2147483647;
			files = (
				F4A03F651C00F43B00E792C8 /* AppDelegate.m in Sources */,
				F4A03F681C00F43B00E792C8 /* MasterViewController.m in Sources */,
				F4A03F621C00F43B00E792C8 /* main.m in Sources */,
				F4A03F6B1C00F43B00E792C8 /* DetailViewController.m in Sources */,
			);
			runOnlyForDeploymentPostprocessing = 0;
		};
		F4A03F741C00F43B00E792C8 /* Sources */ = {
			isa = PBXSourcesBuildPhase;
			buildActionMask = 2147483647;
			files = (
				F4A03F7F1C00F43B00E792C8 /* WONTests.m in Sources */,
			);
			runOnlyForDeploymentPostprocessing = 0;
		};
/* End PBXSourcesBuildPhase section */

/* Begin PBXTargetDependency section */
		F4A03F7A1C00F43B00E792C8 /* PBXTargetDependency */ = {
			isa = PBXTargetDependency;
			target = F4A03F5B1C00F43B00E792C8 /* WON */;
			targetProxy = F4A03F791C00F43B00E792C8 /* PBXContainerItemProxy */;
		};
/* End PBXTargetDependency section */

/* Begin PBXVariantGroup section */
		F4A03F6C1C00F43B00E792C8 /* Main.storyboard */ = {
			isa = PBXVariantGroup;
			children = (
				F4A03F6D1C00F43B00E792C8 /* Base */,
			);
			name = Main.storyboard;
			sourceTree = "<group>";
		};
		F4A03F711C00F43B00E792C8 /* LaunchScreen.xib */ = {
			isa = PBXVariantGroup;
			children = (
				F4A03F721C00F43B00E792C8 /* Base */,
			);
			name = LaunchScreen.xib;
			sourceTree = "<group>";
		};
/* End PBXVariantGroup section */

/* Begin XCBuildConfiguration section */
		F4A03F801C00F43B00E792C8 /* Debug */ = {
			isa = XCBuildConfiguration;
			buildSettings = {
				ALWAYS_SEARCH_USER_PATHS = NO;
				CLANG_CXX_LANGUAGE_STANDARD = "gnu++0x";
				CLANG_CXX_LIBRARY = "libc++";
				CLANG_ENABLE_MODULES = YES;
				CLANG_ENABLE_OBJC_ARC = YES;
				CLANG_WARN_BOOL_CONVERSION = YES;
				CLANG_WARN_CONSTANT_CONVERSION = YES;
				CLANG_WARN_DIRECT_OBJC_ISA_USAGE = YES_ERROR;
				CLANG_WARN_EMPTY_BODY = YES;
				CLANG_WARN_ENUM_CONVERSION = YES;
				CLANG_WARN_INT_CONVERSION = YES;
				CLANG_WARN_OBJC_ROOT_CLASS = YES_ERROR;
				CLANG_WARN_UNREACHABLE_CODE = YES;
				CLANG_WARN__DUPLICATE_METHOD_MATCH = YES;
				"CODE_SIGN_IDENTITY[sdk=iphoneos*]" = "iPhone Developer";
				COPY_PHASE_STRIP = NO;
				DEBUG_INFORMATION_FORMAT = "dwarf-with-dsym";
				ENABLE_STRICT_OBJC_MSGSEND = YES;
				GCC_C_LANGUAGE_STANDARD = gnu99;
				GCC_DYNAMIC_NO_PIC = NO;
				GCC_NO_COMMON_BLOCKS = YES;
				GCC_OPTIMIZATION_LEVEL = 0;
				GCC_PREPROCESSOR_DEFINITIONS = (
					"DEBUG=1",
					"$(inherited)",
				);
				GCC_SYMBOLS_PRIVATE_EXTERN = NO;
				GCC_WARN_64_TO_32_BIT_CONVERSION = YES;
				GCC_WARN_ABOUT_RETURN_TYPE = YES_ERROR;
				GCC_WARN_UNDECLARED_SELECTOR = YES;
				GCC_WARN_UNINITIALIZED_AUTOS = YES_AGGRESSIVE;
				GCC_WARN_UNUSED_FUNCTION = YES;
				GCC_WARN_UNUSED_VARIABLE = YES;
				IPHONEOS_DEPLOYMENT_TARGET = 8.3;
				MTL_ENABLE_DEBUG_INFO = YES;
				ONLY_ACTIVE_ARCH = YES;
				SDKROOT = iphoneos;
				TARGETED_DEVICE_FAMILY = "1,2";
			};
			name = Debug;
		};
		F4A03F811C00F43B00E792C8 /* Release */ = {
			isa = XCBuildConfiguration;
			buildSettings = {
				ALWAYS_SEARCH_USER_PATHS = NO;
				CLANG_CXX_LANGUAGE_STANDARD = "gnu++0x";
				CLANG_CXX_LIBRARY = "libc++";
				CLANG_ENABLE_MODULES = YES;
				CLANG_ENABLE_OBJC_ARC = YES;
				CLANG_WARN_BOOL_CONVERSION = YES;
				CLANG_WARN_CONSTANT_CONVERSION = YES;
				CLANG_WARN_DIRECT_OBJC_ISA_USAGE = YES_ERROR;
				CLANG_WARN_EMPTY_BODY = YES;
				CLANG_WARN_ENUM_CONVERSION = YES;
				CLANG_WARN_INT_CONVERSION = YES;
				CLANG_WARN_OBJC_ROOT_CLASS = YES_ERROR;
				CLANG_WARN_UNREACHABLE_CODE = YES;
				CLANG_WARN__DUPLICATE_METHOD_MATCH = YES;
				"CODE_SIGN_IDENTITY[sdk=iphoneos*]" = "iPhone Developer";
				COPY_PHASE_STRIP = NO;
				DEBUG_INFORMATION_FORMAT = "dwarf-with-dsym";
				ENABLE_NS_ASSERTIONS = NO;
				ENABLE_STRICT_OBJC_MSGSEND = YES;
				GCC_C_LANGUAGE_STANDARD = gnu99;
				GCC_NO_COMMON_BLOCKS = YES;
				GCC_WARN_64_TO_32_BIT_CONVERSION = YES;
				GCC_WARN_ABOUT_RETURN_TYPE = YES_ERROR;
				GCC_WARN_UNDECLARED_SELECTOR = YES;
				GCC_WARN_UNINITIALIZED_AUTOS = YES_AGGRESSIVE;
				GCC_WARN_UNUSED_FUNCTION = YES;
				GCC_WARN_UNUSED_VARIABLE = YES;
				IPHONEOS_DEPLOYMENT_TARGET = 8.3;
				MTL_ENABLE_DEBUG_INFO = NO;
				SDKROOT = iphoneos;
				TARGETED_DEVICE_FAMILY = "1,2";
				VALIDATE_PRODUCT = YES;
			};
			name = Release;
		};
		F4A03F831C00F43B00E792C8 /* Debug */ = {
			isa = XCBuildConfiguration;
			buildSettings = {
				ASSETCATALOG_COMPILER_APPICON_NAME = AppIcon;
				INFOPLIST_FILE = WON/Info.plist;
				LD_RUNPATH_SEARCH_PATHS = "$(inherited) @executable_path/Frameworks";
				PRODUCT_NAME = "$(TARGET_NAME)";
			};
			name = Debug;
		};
		F4A03F841C00F43B00E792C8 /* Release */ = {
			isa = XCBuildConfiguration;
			buildSettings = {
				ASSETCATALOG_COMPILER_APPICON_NAME = AppIcon;
				INFOPLIST_FILE = WON/Info.plist;
				LD_RUNPATH_SEARCH_PATHS = "$(inherited) @executable_path/Frameworks";
				PRODUCT_NAME = "$(TARGET_NAME)";
			};
			name = Release;
		};
		F4A03F861C00F43B00E792C8 /* Debug */ = {
			isa = XCBuildConfiguration;
			buildSettings = {
				BUNDLE_LOADER = "$(TEST_HOST)";
				FRAMEWORK_SEARCH_PATHS = (
					"$(SDKROOT)/Developer/Library/Frameworks",
					"$(inherited)",
				);
				GCC_PREPROCESSOR_DEFINITIONS = (
					"DEBUG=1",
					"$(inherited)",
				);
				INFOPLIST_FILE = WONTests/Info.plist;
				LD_RUNPATH_SEARCH_PATHS = "$(inherited) @executable_path/Frameworks @loader_path/Frameworks";
				PRODUCT_NAME = "$(TARGET_NAME)";
				TEST_HOST = "$(BUILT_PRODUCTS_DIR)/WON.app/WON";
			};
			name = Debug;
		};
		F4A03F871C00F43B00E792C8 /* Release */ = {
			isa = XCBuildConfiguration;
			buildSettings = {
				BUNDLE_LOADER = "$(TEST_HOST)";
				FRAMEWORK_SEARCH_PATHS = (
					"$(SDKROOT)/Developer/Library/Frameworks",
					"$(inherited)",
				);
				INFOPLIST_FILE = WONTests/Info.plist;
				LD_RUNPATH_SEARCH_PATHS = "$(inherited) @executable_path/Frameworks @loader_path/Frameworks";
				PRODUCT_NAME = "$(TARGET_NAME)";
				TEST_HOST = "$(BUILT_PRODUCTS_DIR)/WON.app/WON";
			};
			name = Release;
		};
/* End XCBuildConfiguration section */

/* Begin XCConfigurationList section */
		F4A03F571C00F43B00E792C8 /* Build configuration list for PBXProject "WON" */ = {
			isa = XCConfigurationList;
			buildConfigurations = (
				F4A03F801C00F43B00E792C8 /* Debug */,
				F4A03F811C00F43B00E792C8 /* Release */,
			);
			defaultConfigurationIsVisible = 0;
			defaultConfigurationName = Release;
		};
		F4A03F821C00F43B00E792C8 /* Build configuration list for PBXNativeTarget "WON" */ = {
			isa = XCConfigurationList;
			buildConfigurations = (
				F4A03F831C00F43B00E792C8 /* Debug */,
				F4A03F841C00F43B00E792C8 /* Release */,
			);
			defaultConfigurationIsVisible = 0;
		};
		F4A03F851C00F43B00E792C8 /* Build configuration list for PBXNativeTarget "WONTests" */ = {
			isa = XCConfigurationList;
			buildConfigurations = (
				F4A03F861C00F43B00E792C8 /* Debug */,
				F4A03F871C00F43B00E792C8 /* Release */,
			);
			defaultConfigurationIsVisible = 0;
		};
/* End XCConfigurationList section */
	};
	rootObject = F4A03F541C00F43B00E792C8 /* Project object */;
}
